
Microsoft Visual Studio Solution File, Format Version 12.00
# Visual Studio Version 17
VisualStudioVersion = 17.3.32929.385
MinimumVisualStudioVersion = 10.0.40219.1
Project("{FAE04EC0-301F-11D3-BF4B-00C04F79EFBC}") = "WinFormsApp4", "WinFormsApp4\WinFormsApp4.csproj", "{60403A6F-3B94-4A54-BB89-FC57B4CA7A80}"
EndProject
Global
	GlobalSection(SolutionConfigurationPlatforms) = preSolution
		Debug|Any CPU = Debug|Any CPU
		Release|Any CPU = Release|Any CPU
	EndGlobalSection
	GlobalSection(ProjectConfigurationPlatforms) = postSolution
		{60403A6F-3B94-4A54-BB89-FC57B4CA7A80}.Debug|Any CPU.ActiveCfg = Debug|Any CPU
		{60403A6F-3B94-4A54-BB89-FC57B4CA7A80}.Debug|Any CPU.Build.0 = Debug|Any CPU
		{60403A6F-3B94-4A54-BB89-FC57B4CA7A80}.Release|Any CPU.ActiveCfg = Release|Any CPU
		{60403A6F-3B94-4A54-BB89-FC57B4CA7A80}.Release|Any CPU.Build.0 = Release|Any CPU
	EndGlobalSection
	GlobalSection(SolutionProperties) = preSolution
		HideSolutionNode = FALSE
	EndGlobalSection
	GlobalSection(ExtensibilityGlobals) = postSolution
		SolutionGuid = {E9CBC512-CEFB-488B-BF22-44BD4905AB54}
	EndGlobalSection
EndGlobal
